
Microsoft Visual Studio Solution File, Format Version 12.00
# Visual Studio Version 17
VisualStudioVersion = 17.4.33205.214
MinimumVisualStudioVersion = 10.0.40219.1
Project("{2150E333-8FDC-42A3-9474-1A3956D46DE8}") = "Environment", "Environment", "{92FF28BD-34BF-4CE0-A699-EA6F870A7725}"
EndProject
Project("{FAE04EC0-301F-11D3-BF4B-00C04F79EFBC}") = "Lawfirm.Environment.Website", "src\Environment\website\Lawfirm.Environment.Website.csproj", "{B6FF7408-18B3-41FD-B89C-A51DC35B8E3A}"
	ProjectSection(ProjectDependencies) = postProject
		{62842A2E-86BA-4994-ADCC-A8E190DC3A5A} = {62842A2E-86BA-4994-ADCC-A8E190DC3A5A}
		{92E9F5E8-B4FD-4883-AD3F-8E1EE7A0F392} = {92E9F5E8-B4FD-4883-AD3F-8E1EE7A0F392}
		{9F12B9D8-DD48-4CD0-841E-B6C396861D76} = {9F12B9D8-DD48-4CD0-841E-B6C396861D76}
	EndProjectSection
EndProject
Project("{2150E333-8FDC-42A3-9474-1A3956D46DE8}") = "Feature", "Feature", "{3AA86A32-BA69-4651-A4FF-49471414FD7D}"
EndProject
Project("{2150E333-8FDC-42A3-9474-1A3956D46DE8}") = "Foundation", "Foundation", "{2098D00A-148B-4EA4-8FC9-BC8DE2BB9EAA}"
EndProject
Project("{2150E333-8FDC-42A3-9474-1A3956D46DE8}") = "Project", "Project", "{F561FBDB-36AA-42B8-963B-5053B641853F}"
EndProject
Project("{2150E333-8FDC-42A3-9474-1A3956D46DE8}") = "Navigation", "Navigation", "{96BA38DA-CBFE-4D28-922B-B29C694F7819}"
EndProject
Project("{FAE04EC0-301F-11D3-BF4B-00C04F79EFBC}") = "Lawfirm.Feature.Navigation", "src\Feature\Navigation\website\Lawfirm.Feature.Navigation.csproj", "{62842A2E-86BA-4994-ADCC-A8E190DC3A5A}"
EndProject
Project("{2150E333-8FDC-42A3-9474-1A3956D46DE8}") = "SitecoreExtensions", "SitecoreExtensions", "{0979AF7E-E3A0-4300-9318-85456DC05BDD}"
EndProject
Project("{2150E333-8FDC-42A3-9474-1A3956D46DE8}") = "Lawfirm", "Lawfirm", "{094B3672-6502-4814-BDF7-4FA2F2FFBFFE}"
EndProject
Project("{FAE04EC0-301F-11D3-BF4B-00C04F79EFBC}") = "Lawfirm.Project.DXP", "src\Project\lawfirm\website\Lawfirm.Project.DXP.csproj", "{92E9F5E8-B4FD-4883-AD3F-8E1EE7A0F392}"
EndProject
Project("{FAE04EC0-301F-11D3-BF4B-00C04F79EFBC}") = "Lawfirm.Foundation.SitecoreExtensions", "src\Foundation\SitecoreExtensions\website\Lawfirm.Foundation.SitecoreExtensions.csproj", "{9F12B9D8-DD48-4CD0-841E-B6C396861D76}"
EndProject
Global
	GlobalSection(SolutionConfigurationPlatforms) = preSolution
		Debug|Any CPU = Debug|Any CPU
		Release|Any CPU = Release|Any CPU
	EndGlobalSection
	GlobalSection(ProjectConfigurationPlatforms) = postSolution
		{B6FF7408-18B3-41FD-B89C-A51DC35B8E3A}.Debug|Any CPU.ActiveCfg = Debug|Any CPU
		{B6FF7408-18B3-41FD-B89C-A51DC35B8E3A}.Debug|Any CPU.Build.0 = Debug|Any CPU
		{B6FF7408-18B3-41FD-B89C-A51DC35B8E3A}.Release|Any CPU.ActiveCfg = Release|Any CPU
		{B6FF7408-18B3-41FD-B89C-A51DC35B8E3A}.Release|Any CPU.Build.0 = Release|Any CPU
		{62842A2E-86BA-4994-ADCC-A8E190DC3A5A}.Debug|Any CPU.ActiveCfg = Debug|Any CPU
		{62842A2E-86BA-4994-ADCC-A8E190DC3A5A}.Debug|Any CPU.Build.0 = Debug|Any CPU
		{62842A2E-86BA-4994-ADCC-A8E190DC3A5A}.Release|Any CPU.ActiveCfg = Release|Any CPU
		{62842A2E-86BA-4994-ADCC-A8E190DC3A5A}.Release|Any CPU.Build.0 = Release|Any CPU
		{92E9F5E8-B4FD-4883-AD3F-8E1EE7A0F392}.Debug|Any CPU.ActiveCfg = Debug|Any CPU
		{92E9F5E8-B4FD-4883-AD3F-8E1EE7A0F392}.Debug|Any CPU.Build.0 = Debug|Any CPU
		{92E9F5E8-B4FD-4883-AD3F-8E1EE7A0F392}.Release|Any CPU.ActiveCfg = Release|Any CPU
		{92E9F5E8-B4FD-4883-AD3F-8E1EE7A0F392}.Release|Any CPU.Build.0 = Release|Any CPU
		{9F12B9D8-DD48-4CD0-841E-B6C396861D76}.Debug|Any CPU.ActiveCfg = Debug|Any CPU
		{9F12B9D8-DD48-4CD0-841E-B6C396861D76}.Debug|Any CPU.Build.0 = Debug|Any CPU
		{9F12B9D8-DD48-4CD0-841E-B6C396861D76}.Release|Any CPU.ActiveCfg = Release|Any CPU
		{9F12B9D8-DD48-4CD0-841E-B6C396861D76}.Release|Any CPU.Build.0 = Release|Any CPU
	EndGlobalSection
	GlobalSection(SolutionProperties) = preSolution
		HideSolutionNode = FALSE
	EndGlobalSection
	GlobalSection(NestedProjects) = preSolution
		{B6FF7408-18B3-41FD-B89C-A51DC35B8E3A} = {92FF28BD-34BF-4CE0-A699-EA6F870A7725}
		{96BA38DA-CBFE-4D28-922B-B29C694F7819} = {3AA86A32-BA69-4651-A4FF-49471414FD7D}
		{62842A2E-86BA-4994-ADCC-A8E190DC3A5A} = {96BA38DA-CBFE-4D28-922B-B29C694F7819}
		{0979AF7E-E3A0-4300-9318-85456DC05BDD} = {2098D00A-148B-4EA4-8FC9-BC8DE2BB9EAA}
		{094B3672-6502-4814-BDF7-4FA2F2FFBFFE} = {F561FBDB-36AA-42B8-963B-5053B641853F}
		{92E9F5E8-B4FD-4883-AD3F-8E1EE7A0F392} = {094B3672-6502-4814-BDF7-4FA2F2FFBFFE}
		{9F12B9D8-DD48-4CD0-841E-B6C396861D76} = {0979AF7E-E3A0-4300-9318-85456DC05BDD}
	EndGlobalSection
	GlobalSection(ExtensibilityGlobals) = postSolution
		SolutionGuid = {506B818D-EDB6-497B-A8DC-89A820CAA313}
	EndGlobalSection
EndGlobal
